// !$*UTF8*$!
{
	archiveVersion = 1;
	classes = {
	};
	objectVersion = 56;
	objects = {

/* Begin PBXBuildFile section */
		1538974D29403B6E0027D202 /* manager.swift in Sources */ = {isa = PBXBuildFile; fileRef = 1538974B29403A730027D202 /* manager.swift */; };
		1538974F29403D7D0027D202 /* helloView.swift in Sources */ = {isa = PBXBuildFile; fileRef = 1538974E29403D7D0027D202 /* helloView.swift */; };
		1538975129403D910027D202 /* byeView.swift in Sources */ = {isa = PBXBuildFile; fileRef = 1538975029403D910027D202 /* byeView.swift */; };
		15389753294040790027D202 /* motionView.swift in Sources */ = {isa = PBXBuildFile; fileRef = 15389752294040790027D202 /* motionView.swift */; };
		1561C8A3293F3937007D7908 /* GyroscopeColorballApp.swift in Sources */ = {isa = PBXBuildFile; fileRef = 1561C8A2293F3937007D7908 /* GyroscopeColorballApp.swift */; };
		1561C8A5293F3937007D7908 /* ContentView.swift in Sources */ = {isa = PBXBuildFile; fileRef = 1561C8A4293F3937007D7908 /* ContentView.swift */; };
		1561C8A7293F3938007D7908 /* Assets.xcassets in Resources */ = {isa = PBXBuildFile; fileRef = 1561C8A6293F3938007D7908 /* Assets.xcassets */; };
		1561C8AA293F3938007D7908 /* Preview Assets.xcassets in Resources */ = {isa = PBXBuildFile; fileRef = 1561C8A9293F3938007D7908 /* Preview Assets.xcassets */; };
/* End PBXBuildFile section */

/* Begin PBXFileReference section */
		1538974B29403A730027D202 /* manager.swift */ = {isa = PBXFileReference; lastKnownFileType = sourcecode.swift; path = manager.swift; sourceTree = "<group>"; };
		1538974E29403D7D0027D202 /* helloView.swift */ = {isa = PBXFileReference; lastKnownFileType = sourcecode.swift; path = helloView.swift; sourceTree = "<group>"; };
		1538975029403D910027D202 /* byeView.swift */ = {isa = PBXFileReference; lastKnownFileType = sourcecode.swift; path = byeView.swift; sourceTree = "<group>"; };
		15389752294040790027D202 /* motionView.swift */ = {isa = PBXFileReference; lastKnownFileType = sourcecode.swift; path = motionView.swift; sourceTree = "<group>"; };
		1561C89F293F3937007D7908 /* GyroscopeColorball.app */ = {isa = PBXFileReference; explicitFileType = wrapper.application; includeInIndex = 0; path = GyroscopeColorball.app; sourceTree = BUILT_PRODUCTS_DIR; };
		1561C8A2293F3937007D7908 /* GyroscopeColorballApp.swift */ = {isa = PBXFileReference; lastKnownFileType = sourcecode.swift; path = GyroscopeColorballApp.swift; sourceTree = "<group>"; };
		1561C8A4293F3937007D7908 /* ContentView.swift */ = {isa = PBXFileReference; lastKnownFileType = sourcecode.swift; path = ContentView.swift; sourceTree = "<group>"; };
		1561C8A6293F3938007D7908 /* Assets.xcassets */ = {isa = PBXFileReference; lastKnownFileType = folder.assetcatalog; path = Assets.xcassets; sourceTree = "<group>"; };
		1561C8A9293F3938007D7908 /* Preview Assets.xcassets */ = {isa = PBXFileReference; lastKnownFileType = folder.assetcatalog; path = "Preview Assets.xcassets"; sourceTree = "<group>"; };
/* End PBXFileReference section */

/* Begin PBXFrameworksBuildPhase section */
		1561C89C293F3937007D7908 /* Frameworks */ = {
			isa = PBXFrameworksBuildPhase;
			buildActionMask = 2147483647;
			files = (
			);
			runOnlyForDeploymentPostprocessing = 0;
		};
/* End PBXFrameworksBuildPhase section */

/* Begin PBXGroup section */
		15389748294035A00027D202 /* Model */ = {
			isa = PBXGroup;
			children = (
				1538974B29403A730027D202 /* manager.swift */,
			);
			path = Model;
			sourceTree = "<group>";
		};
		15389749294035A50027D202 /* View */ = {
			isa = PBXGroup;
			children = (
				1538974E29403D7D0027D202 /* helloView.swift */,
				1538975029403D910027D202 /* byeView.swift */,
				15389752294040790027D202 /* motionView.swift */,
			);
			path = View;
			sourceTree = "<group>";
		};
		1538974A294035C40027D202 /* ViewModel */ = {
			isa = PBXGroup;
			children = (
			);
			path = ViewModel;
			sourceTree = "<group>";
		};
		1561C896293F3937007D7908 = {
			isa = PBXGroup;
			children = (
				1561C8A1293F3937007D7908 /* GyroscopeColorball */,
				1561C8A0293F3937007D7908 /* Products */,
			);
			sourceTree = "<group>";
		};
		1561C8A0293F3937007D7908 /* Products */ = {
			isa = PBXGroup;
			children = (
				1561C89F293F3937007D7908 /* GyroscopeColorball.app */,
			);
			name = Products;
			sourceTree = "<group>";
		};
		1561C8A1293F3937007D7908 /* GyroscopeColorball */ = {
			isa = PBXGroup;
			children = (
				15389749294035A50027D202 /* View */,
				1538974A294035C40027D202 /* ViewModel */,
				15389748294035A00027D202 /* Model */,
				1561C8A2293F3937007D7908 /* GyroscopeColorballApp.swift */,
				1561C8A4293F3937007D7908 /* ContentView.swift */,
				1561C8A6293F3938007D7908 /* Assets.xcassets */,
				1561C8A8293F3938007D7908 /* Preview Content */,
			);
			path = GyroscopeColorball;
			sourceTree = "<group>";
		};
		1561C8A8293F3938007D7908 /* Preview Content */ = {
			isa = PBXGroup;
			children = (
				1561C8A9293F3938007D7908 /* Preview Assets.xcassets */,
			);
			path = "Preview Content";
			sourceTree = "<group>";
		};
/* End PBXGroup section */

/* Begin PBXNativeTarget section */
		1561C89E293F3937007D7908 /* GyroscopeColorball */ = {
			isa = PBXNativeTarget;
			buildConfigurationList = 1561C8AD293F3938007D7908 /* Build configuration list for PBXNativeTarget "GyroscopeColorball" */;
			buildPhases = (
				1561C89B293F3937007D7908 /* Sources */,
				1561C89C293F3937007D7908 /* Frameworks */,
				1561C89D293F3937007D7908 /* Resources */,
			);
			buildRules = (
			);
			dependencies = (
			);
			name = GyroscopeColorball;
			productName = GyroscopeColorball;
			productReference = 1561C89F293F3937007D7908 /* GyroscopeColorball.app */;
			productType = "com.apple.product-type.application";
		};
/* End PBXNativeTarget section */

/* Begin PBXProject section */
		1561C897293F3937007D7908 /* Project object */ = {
			isa = PBXProject;
			attributes = {
				BuildIndependentTargetsInParallel = 1;
				LastSwiftUpdateCheck = 1410;
				LastUpgradeCheck = 1410;
				TargetAttributes = {
					1561C89E293F3937007D7908 = {
						CreatedOnToolsVersion = 14.1;
					};
				};
			};
			buildConfigurationList = 1561C89A293F3937007D7908 /* Build configuration list for PBXProject "GyroscopeColorball" */;
			compatibilityVersion = "Xcode 14.0";
			developmentRegion = en;
			hasScannedForEncodings = 0;
			knownRegions = (
				en,
				Base,
			);
			mainGroup = 1561C896293F3937007D7908;
			productRefGroup = 1561C8A0293F3937007D7908 /* Products */;
			projectDirPath = "";
			projectRoot = "";
			targets = (
				1561C89E293F3937007D7908 /* GyroscopeColorball */,
			);
		};
/* End PBXProject section */

/* Begin PBXResourcesBuildPhase section */
		1561C89D293F3937007D7908 /* Resources */ = {
			isa = PBXResourcesBuildPhase;
			buildActionMask = 2147483647;
			files = (
				1561C8AA293F3938007D7908 /* Preview Assets.xcassets in Resources */,
				1561C8A7293F3938007D7908 /* Assets.xcassets in Resources */,
			);
			runOnlyForDeploymentPostprocessing = 0;
		};
/* End PBXResourcesBuildPhase section */

/* Begin PBXSourcesBuildPhase section */
		1561C89B293F3937007D7908 /* Sources */ = {
			isa = PBXSourcesBuildPhase;
			buildActionMask = 2147483647;
			files = (
				1561C8A5293F3937007D7908 /* ContentView.swift in Sources */,
				1538974F29403D7D0027D202 /* helloView.swift in Sources */,
				15389753294040790027D202 /* motionView.swift in Sources */,
				1561C8A3293F3937007D7908 /* GyroscopeColorballApp.swift in Sources */,
				1538974D29403B6E0027D202 /* manager.swift in Sources */,
				1538975129403D910027D202 /* byeView.swift in Sources */,
			);
			runOnlyForDeploymentPostprocessing = 0;
		};
/* End PBXSourcesBuildPhase section */

/* Begin XCBuildConfiguration section */
		1561C8AB293F3938007D7908 /* Debug */ = {
			isa = XCBuildConfiguration;
			buildSettings = {
				ALWAYS_SEARCH_USER_PATHS = NO;
				CLANG_ANALYZER_NONNULL = YES;
				CLANG_ANALYZER_NUMBER_OBJECT_CONVERSION = YES_AGGRESSIVE;
				CLANG_CXX_LANGUAGE_STANDARD = "gnu++20";
				CLANG_ENABLE_MODULES = YES;
				CLANG_ENABLE_OBJC_ARC = YES;
				CLANG_ENABLE_OBJC_WEAK = YES;
				CLANG_WARN_BLOCK_CAPTURE_AUTORELEASING = YES;
				CLANG_WARN_BOOL_CONVERSION = YES;
				CLANG_WARN_COMMA = YES;
				CLANG_WARN_CONSTANT_CONVERSION = YES;
				CLANG_WARN_DEPRECATED_OBJC_IMPLEMENTATIONS = YES;
				CLANG_WARN_DIRECT_OBJC_ISA_USAGE = YES_ERROR;
				CLANG_WARN_DOCUMENTATION_COMMENTS = YES;
				CLANG_WARN_EMPTY_BODY = YES;
				CLANG_WARN_ENUM_CONVERSION = YES;
				CLANG_WARN_INFINITE_RECURSION = YES;
				CLANG_WARN_INT_CONVERSION = YES;
				CLANG_WARN_NON_LITERAL_NULL_CONVERSION = YES;
				CLANG_WARN_OBJC_IMPLICIT_RETAIN_SELF = YES;
				CLANG_WARN_OBJC_LITERAL_CONVERSION = YES;
				CLANG_WARN_OBJC_ROOT_CLASS = YES_ERROR;
				CLANG_WARN_QUOTED_INCLUDE_IN_FRAMEWORK_HEADER = YES;
				CLANG_WARN_RANGE_LOOP_ANALYSIS = YES;
				CLANG_WARN_STRICT_PROTOTYPES = YES;
				CLANG_WARN_SUSPICIOUS_MOVE = YES;
				CLANG_WARN_UNGUARDED_AVAILABILITY = YES_AGGRESSIVE;
				CLANG_WARN_UNREACHABLE_CODE = YES;
				CLANG_WARN__DUPLICATE_METHOD_MATCH = YES;
				COPY_PHASE_STRIP = NO;
				DEBUG_INFORMATION_FORMAT = dwarf;
				ENABLE_STRICT_OBJC_MSGSEND = YES;
				ENABLE_TESTABILITY = YES;
				GCC_C_LANGUAGE_STANDARD = gnu11;
				GCC_DYNAMIC_NO_PIC = NO;
				GCC_NO_COMMON_BLOCKS = YES;
				GCC_OPTIMIZATION_LEVEL = 0;
				GCC_PREPROCESSOR_DEFINITIONS = (
					"DEBUG=1",
					"$(inherited)",
				);
				GCC_WARN_64_TO_32_BIT_CONVERSION = YES;
				GCC_WARN_ABOUT_RETURN_TYPE = YES_ERROR;
				GCC_WARN_UNDECLARED_SELECTOR = YES;
				GCC_WARN_UNINITIALIZED_AUTOS = YES_AGGRESSIVE;
				GCC_WARN_UNUSED_FUNCTION = YES;
				GCC_WARN_UNUSED_VARIABLE = YES;
				IPHONEOS_DEPLOYMENT_TARGET = 16.1;
				MTL_ENABLE_DEBUG_INFO = INCLUDE_SOURCE;
				MTL_FAST_MATH = YES;
				ONLY_ACTIVE_ARCH = YES;
				SDKROOT = iphoneos;
				SWIFT_ACTIVE_COMPILATION_CONDITIONS = DEBUG;
				SWIFT_OPTIMIZATION_LEVEL = "-Onone";
			};
			name = Debug;
		};
		1561C8AC293F3938007D7908 /* Release */ = {
			isa = XCBuildConfiguration;
			buildSettings = {
				ALWAYS_SEARCH_USER_PATHS = NO;
				CLANG_ANALYZER_NONNULL = YES;
				CLANG_ANALYZER_NUMBER_OBJECT_CONVERSION = YES_AGGRESSIVE;
				CLANG_CXX_LANGUAGE_STANDARD = "gnu++20";
				CLANG_ENABLE_MODULES = YES;
				CLANG_ENABLE_OBJC_ARC = YES;
				CLANG_ENABLE_OBJC_WEAK = YES;
				CLANG_WARN_BLOCK_CAPTURE_AUTORELEASING = YES;
				CLANG_WARN_BOOL_CONVERSION = YES;
				CLANG_WARN_COMMA = YES;
				CLANG_WARN_CONSTANT_CONVERSION = YES;
				CLANG_WARN_DEPRECATED_OBJC_IMPLEMENTATIONS = YES;
				CLANG_WARN_DIRECT_OBJC_ISA_USAGE = YES_ERROR;
				CLANG_WARN_DOCUMENTATION_COMMENTS = YES;
				CLANG_WARN_EMPTY_BODY = YES;
				CLANG_WARN_ENUM_CONVERSION = YES;
				CLANG_WARN_INFINITE_RECURSION = YES;
				CLANG_WARN_INT_CONVERSION = YES;
				CLANG_WARN_NON_LITERAL_NULL_CONVERSION = YES;
				CLANG_WARN_OBJC_IMPLICIT_RETAIN_SELF = YES;
				CLANG_WARN_OBJC_LITERAL_CONVERSION = YES;
				CLANG_WARN_OBJC_ROOT_CLASS = YES_ERROR;
				CLANG_WARN_QUOTED_INCLUDE_IN_FRAMEWORK_HEADER = YES;
				CLANG_WARN_RANGE_LOOP_ANALYSIS = YES;
				CLANG_WARN_STRICT_PROTOTYPES = YES;
				CLANG_WARN_SUSPICIOUS_MOVE = YES;
				CLANG_WARN_UNGUARDED_AVAILABILITY = YES_AGGRESSIVE;
				CLANG_WARN_UNREACHABLE_CODE = YES;
				CLANG_WARN__DUPLICATE_METHOD_MATCH = YES;
				COPY_PHASE_STRIP = NO;
				DEBUG_INFORMATION_FORMAT = "dwarf-with-dsym";
				ENABLE_NS_ASSERTIONS = NO;
				ENABLE_STRICT_OBJC_MSGSEND = YES;
				GCC_C_LANGUAGE_STANDARD = gnu11;
				GCC_NO_COMMON_BLOCKS = YES;
				GCC_WARN_64_TO_32_BIT_CONVERSION = YES;
				GCC_WARN_ABOUT_RETURN_TYPE = YES_ERROR;
				GCC_WARN_UNDECLARED_SELECTOR = YES;
				GCC_WARN_UNINITIALIZED_AUTOS = YES_AGGRESSIVE;
				GCC_WARN_UNUSED_FUNCTION = YES;
				GCC_WARN_UNUSED_VARIABLE = YES;
				IPHONEOS_DEPLOYMENT_TARGET = 16.1;
				MTL_ENABLE_DEBUG_INFO = NO;
				MTL_FAST_MATH = YES;
				SDKROOT = iphoneos;
				SWIFT_COMPILATION_MODE = wholemodule;
				SWIFT_OPTIMIZATION_LEVEL = "-O";
				VALIDATE_PRODUCT = YES;
			};
			name = Release;
		};
		1561C8AE293F3938007D7908 /* Debug */ = {
			isa = XCBuildConfiguration;
			buildSettings = {
				ASSETCATALOG_COMPILER_APPICON_NAME = AppIcon;
				ASSETCATALOG_COMPILER_GLOBAL_ACCENT_COLOR_NAME = AccentColor;
				CODE_SIGN_STYLE = Automatic;
				CURRENT_PROJECT_VERSION = 1;
				DEVELOPMENT_ASSET_PATHS = "\"GyroscopeColorball/Preview Content\"";
				DEVELOPMENT_TEAM = 4P62L88FG8;
				ENABLE_PREVIEWS = YES;
				GENERATE_INFOPLIST_FILE = YES;
				INFOPLIST_KEY_UIApplicationSceneManifest_Generation = YES;
				INFOPLIST_KEY_UIApplicationSupportsIndirectInputEvents = YES;
				INFOPLIST_KEY_UILaunchScreen_Generation = YES;
				INFOPLIST_KEY_UISupportedInterfaceOrientations_iPad = "UIInterfaceOrientationPortrait UIInterfaceOrientationPortraitUpsideDown UIInterfaceOrientationLandscapeLeft UIInterfaceOrientationLandscapeRight";
				INFOPLIST_KEY_UISupportedInterfaceOrientations_iPhone = "UIInterfaceOrientationPortrait UIInterfaceOrientationLandscapeLeft UIInterfaceOrientationLandscapeRight";
				LD_RUNPATH_SEARCH_PATHS = (
					"$(inherited)",
					"@executable_path/Frameworks",
				);
				MARKETING_VERSION = 1.0;
				PRODUCT_BUNDLE_IDENTIFIER = com.yongjun.GyroscopeColorball;
				PRODUCT_NAME = "$(TARGET_NAME)";
				SWIFT_EMIT_LOC_STRINGS = YES;
				SWIFT_VERSION = 5.0;
				TARGETED_DEVICE_FAMILY = "1,2";
			};
			name = Debug;
		};
		1561C8AF293F3938007D7908 /* Release */ = {
			isa = XCBuildConfiguration;
			buildSettings = {
				ASSETCATALOG_COMPILER_APPICON_NAME = AppIcon;
				ASSETCATALOG_COMPILER_GLOBAL_ACCENT_COLOR_NAME = AccentColor;
				CODE_SIGN_STYLE = Automatic;
				CURRENT_PROJECT_VERSION = 1;
				DEVELOPMENT_ASSET_PATHS = "\"GyroscopeColorball/Preview Content\"";
				DEVELOPMENT_TEAM = 4P62L88FG8;
				ENABLE_PREVIEWS = YES;
				GENERATE_INFOPLIST_FILE = YES;
				INFOPLIST_KEY_UIApplicationSceneManifest_Generation = YES;
				INFOPLIST_KEY_UIApplicationSupportsIndirectInputEvents = YES;
				INFOPLIST_KEY_UILaunchScreen_Generation = YES;
				INFOPLIST_KEY_UISupportedInterfaceOrientations_iPad = "UIInterfaceOrientationPortrait UIInterfaceOrientationPortraitUpsideDown UIInterfaceOrientationLandscapeLeft UIInterfaceOrientationLandscapeRight";
				INFOPLIST_KEY_UISupportedInterfaceOrientations_iPhone = "UIInterfaceOrientationPortrait UIInterfaceOrientationLandscapeLeft UIInterfaceOrientationLandscapeRight";
				LD_RUNPATH_SEARCH_PATHS = (
					"$(inherited)",
					"@executable_path/Frameworks",
				);
				MARKETING_VERSION = 1.0;
				PRODUCT_BUNDLE_IDENTIFIER = com.yongjun.GyroscopeColorball;
				PRODUCT_NAME = "$(TARGET_NAME)";
				SWIFT_EMIT_LOC_STRINGS = YES;
				SWIFT_VERSION = 5.0;
				TARGETED_DEVICE_FAMILY = "1,2";
			};
			name = Release;
		};
/* End XCBuildConfiguration section */

/* Begin XCConfigurationList section */
		1561C89A293F3937007D7908 /* Build configuration list for PBXProject "GyroscopeColorball" */ = {
			isa = XCConfigurationList;
			buildConfigurations = (
				1561C8AB293F3938007D7908 /* Debug */,
				1561C8AC293F3938007D7908 /* Release */,
			);
			defaultConfigurationIsVisible = 0;
			defaultConfigurationName = Release;
		};
		1561C8AD293F3938007D7908 /* Build configuration list for PBXNativeTarget "GyroscopeColorball" */ = {
			isa = XCConfigurationList;
			buildConfigurations = (
				1561C8AE293F3938007D7908 /* Debug */,
				1561C8AF293F3938007D7908 /* Release */,
			);
			defaultConfigurationIsVisible = 0;
			defaultConfigurationName = Release;
		};
/* End XCConfigurationList section */
	};
	rootObject = 1561C897293F3937007D7908 /* Project object */;
}
